
Microsoft Visual Studio Solution File, Format Version 12.00
# Visual Studio Version 17
VisualStudioVersion = 17.13.35818.85 d17.13
MinimumVisualStudioVersion = 10.0.40219.1
Project("{FAE04EC0-301F-11D3-BF4B-00C04F79EFBC}") = "Pc Express", "Pc Express.csproj", "{C9210F6C-672A-41B4-A908-3F3A28567D12}"
EndProject
Global
	GlobalSection(SolutionConfigurationPlatforms) = preSolution
		Debug|Any CPU = Debug|Any CPU
		Release|Any CPU = Release|Any CPU
	EndGlobalSection
	GlobalSection(ProjectConfigurationPlatforms) = postSolution
		{C9210F6C-672A-41B4-A908-3F3A28567D12}.Debug|Any CPU.ActiveCfg = Debug|Any CPU
		{C9210F6C-672A-41B4-A908-3F3A28567D12}.Debug|Any CPU.Build.0 = Debug|Any CPU
		{C9210F6C-672A-41B4-A908-3F3A28567D12}.Release|Any CPU.ActiveCfg = Release|Any CPU
		{C9210F6C-672A-41B4-A908-3F3A28567D12}.Release|Any CPU.Build.0 = Release|Any CPU
	EndGlobalSection
	GlobalSection(SolutionProperties) = preSolution
		HideSolutionNode = FALSE
	EndGlobalSection
	GlobalSection(ExtensibilityGlobals) = postSolution
		SolutionGuid = {96777EDB-21C3-4560-8582-938C41453977}
	EndGlobalSection
EndGlobal
